// !$*UTF8*$!
{
	archiveVersion = 1;
	classes = {
	};
	objectVersion = 77;
	objects = {

/* Begin PBXContainerItemProxy section */
		9B2E8A1A2E08A0E40098B104 /* PBXContainerItemProxy */ = {
			isa = PBXContainerItemProxy;
			containerPortal = 9B2E8A042E08A0E00098B104 /* Project object */;
			proxyType = 1;
			remoteGlobalIDString = 9B2E8A0B2E08A0E10098B104;
			remoteInfo = FocusPal;
		};
		9B2E8A242E08A0E40098B104 /* PBXContainerItemProxy */ = {
			isa = PBXContainerItemProxy;
			containerPortal = 9B2E8A042E08A0E00098B104 /* Project object */;
			proxyType = 1;
			remoteGlobalIDString = 9B2E8A0B2E08A0E10098B104;
			remoteInfo = FocusPal;
		};
/* End PBXContainerItemProxy section */

/* Begin PBXFileReference section */
		9B2E8A0C2E08A0E10098B104 /* FocusPal.app */ = {isa = PBXFileReference; explicitFileType = wrapper.application; includeInIndex = 0; path = FocusPal.app; sourceTree = BUILT_PRODUCTS_DIR; };
		9B2E8A192E08A0E40098B104 /* FocusPalTests.xctest */ = {isa = PBXFileReference; explicitFileType = wrapper.cfbundle; includeInIndex = 0; path = FocusPalTests.xctest; sourceTree = BUILT_PRODUCTS_DIR; };
		9B2E8A232E08A0E40098B104 /* FocusPalUITests.xctest */ = {isa = PBXFileReference; explicitFileType = wrapper.cfbundle; includeInIndex = 0; path = FocusPalUITests.xctest; sourceTree = BUILT_PRODUCTS_DIR; };
/* End PBXFileReference section */

/* Begin PBXFileSystemSynchronizedRootGroup section */
		9B2E8A0E2E08A0E10098B104 /* FocusPal */ = {
			isa = PBXFileSystemSynchronizedRootGroup;
			path = FocusPal;
			sourceTree = "<group>";
		};
		9B2E8A1C2E08A0E40098B104 /* FocusPalTests */ = {
			isa = PBXFileSystemSynchronizedRootGroup;
			path = FocusPalTests;
			sourceTree = "<group>";
		};
		9B2E8A262E08A0E40098B104 /* FocusPalUITests */ = {
			isa = PBXFileSystemSynchronizedRootGroup;
			path = FocusPalUITests;
			sourceTree = "<group>";
		};
/* End PBXFileSystemSynchronizedRootGroup section */

/* Begin PBXFrameworksBuildPhase section */
		9B2E8A092E08A0E10098B104 /* Frameworks */ = {
			isa = PBXFrameworksBuildPhase;
			buildActionMask = 2147483647;
			files = (
			);
			runOnlyForDeploymentPostprocessing = 0;
		};
		9B2E8A162E08A0E40098B104 /* Frameworks */ = {
			isa = PBXFrameworksBuildPhase;
			buildActionMask = 2147483647;
			files = (
			);
			runOnlyForDeploymentPostprocessing = 0;
		};
		9B2E8A202E08A0E40098B104 /* Frameworks */ = {
			isa = PBXFrameworksBuildPhase;
			buildActionMask = 2147483647;
			files = (
			);
			runOnlyForDeploymentPostprocessing = 0;
		};
/* End PBXFrameworksBuildPhase section */

/* Begin PBXGroup section */
		9B2E8A032E08A0E00098B104 = {
			isa = PBXGroup;
			children = (
				9B2E8A0E2E08A0E10098B104 /* FocusPal */,
				9B2E8A1C2E08A0E40098B104 /* FocusPalTests */,
				9B2E8A262E08A0E40098B104 /* FocusPalUITests */,
				9B2E8A0D2E08A0E10098B104 /* Products */,
			);
			sourceTree = "<group>";
		};
		9B2E8A0D2E08A0E10098B104 /* Products */ = {
			isa = PBXGroup;
			children = (
				9B2E8A0C2E08A0E10098B104 /* FocusPal.app */,
				9B2E8A192E08A0E40098B104 /* FocusPalTests.xctest */,
				9B2E8A232E08A0E40098B104 /* FocusPalUITests.xctest */,
			);
			name = Products;
			sourceTree = "<group>";
		};
/* End PBXGroup section */

/* Begin PBXNativeTarget section */
		9B2E8A0B2E08A0E10098B104 /* FocusPal */ = {
			isa = PBXNativeTarget;
			buildConfigurationList = 9B2E8A2D2E08A0E40098B104 /* Build configuration list for PBXNativeTarget "FocusPal" */;
			buildPhases = (
				9B2E8A082E08A0E10098B104 /* Sources */,
				9B2E8A092E08A0E10098B104 /* Frameworks */,
				9B2E8A0A2E08A0E10098B104 /* Resources */,
			);
			buildRules = (
			);
			dependencies = (
			);
			fileSystemSynchronizedGroups = (
				9B2E8A0E2E08A0E10098B104 /* FocusPal */,
			);
			name = FocusPal;
			packageProductDependencies = (
			);
			productName = FocusPal;
			productReference = 9B2E8A0C2E08A0E10098B104 /* FocusPal.app */;
			productType = "com.apple.product-type.application";
		};
		9B2E8A182E08A0E40098B104 /* FocusPalTests */ = {
			isa = PBXNativeTarget;
			buildConfigurationList = 9B2E8A302E08A0E40098B104 /* Build configuration list for PBXNativeTarget "FocusPalTests" */;
			buildPhases = (
				9B2E8A152E08A0E40098B104 /* Sources */,
				9B2E8A162E08A0E40098B104 /* Frameworks */,
				9B2E8A172E08A0E40098B104 /* Resources */,
			);
			buildRules = (
			);
			dependencies = (
				9B2E8A1B2E08A0E40098B104 /* PBXTargetDependency */,
			);
			fileSystemSynchronizedGroups = (
				9B2E8A1C2E08A0E40098B104 /* FocusPalTests */,
			);
			name = FocusPalTests;
			packageProductDependencies = (
			);
			productName = FocusPalTests;
			productReference = 9B2E8A192E08A0E40098B104 /* FocusPalTests.xctest */;
			productType = "com.apple.product-type.bundle.unit-test";
		};
		9B2E8A222E08A0E40098B104 /* FocusPalUITests */ = {
			isa = PBXNativeTarget;
			buildConfigurationList = 9B2E8A332E08A0E40098B104 /* Build configuration list for PBXNativeTarget "FocusPalUITests" */;
			buildPhases = (
				9B2E8A1F2E08A0E40098B104 /* Sources */,
				9B2E8A202E08A0E40098B104 /* Frameworks */,
				9B2E8A212E08A0E40098B104 /* Resources */,
			);
			buildRules = (
			);
			dependencies = (
				9B2E8A252E08A0E40098B104 /* PBXTargetDependency */,
			);
			fileSystemSynchronizedGroups = (
				9B2E8A262E08A0E40098B104 /* FocusPalUITests */,
			);
			name = FocusPalUITests;
			packageProductDependencies = (
			);
			productName = FocusPalUITests;
			productReference = 9B2E8A232E08A0E40098B104 /* FocusPalUITests.xctest */;
			productType = "com.apple.product-type.bundle.ui-testing";
		};
/* End PBXNativeTarget section */

/* Begin PBXProject section */
		9B2E8A042E08A0E00098B104 /* Project object */ = {
			isa = PBXProject;
			attributes = {
				BuildIndependentTargetsInParallel = 1;
				LastSwiftUpdateCheck = 1640;
				LastUpgradeCheck = 1640;
				TargetAttributes = {
					9B2E8A0B2E08A0E10098B104 = {
						CreatedOnToolsVersion = 16.4;
					};
					9B2E8A182E08A0E40098B104 = {
						CreatedOnToolsVersion = 16.4;
						TestTargetID = 9B2E8A0B2E08A0E10098B104;
					};
					9B2E8A222E08A0E40098B104 = {
						CreatedOnToolsVersion = 16.4;
						TestTargetID = 9B2E8A0B2E08A0E10098B104;
					};
				};
			};
			buildConfigurationList = 9B2E8A072E08A0E00098B104 /* Build configuration list for PBXProject "FocusPal" */;
			developmentRegion = en;
			hasScannedForEncodings = 0;
			knownRegions = (
				en,
				Base,
			);
			mainGroup = 9B2E8A032E08A0E00098B104;
			minimizedProjectReferenceProxies = 1;
			preferredProjectObjectVersion = 77;
			productRefGroup = 9B2E8A0D2E08A0E10098B104 /* Products */;
			projectDirPath = "";
			projectRoot = "";
			targets = (
				9B2E8A0B2E08A0E10098B104 /* FocusPal */,
				9B2E8A182E08A0E40098B104 /* FocusPalTests */,
				9B2E8A222E08A0E40098B104 /* FocusPalUITests */,
			);
		};
/* End PBXProject section */

/* Begin PBXResourcesBuildPhase section */
		9B2E8A0A2E08A0E10098B104 /* Resources */ = {
			isa = PBXResourcesBuildPhase;
			buildActionMask = 2147483647;
			files = (
			);
			runOnlyForDeploymentPostprocessing = 0;
		};
		9B2E8A172E08A0E40098B104 /* Resources */ = {
			isa = PBXResourcesBuildPhase;
			buildActionMask = 2147483647;
			files = (
			);
			runOnlyForDeploymentPostprocessing = 0;
		};
		9B2E8A212E08A0E40098B104 /* Resources */ = {
			isa = PBXResourcesBuildPhase;
			buildActionMask = 2147483647;
			files = (
			);
			runOnlyForDeploymentPostprocessing = 0;
		};
/* End PBXResourcesBuildPhase section */

/* Begin PBXSourcesBuildPhase section */
		9B2E8A082E08A0E10098B104 /* Sources */ = {
			isa = PBXSourcesBuildPhase;
			buildActionMask = 2147483647;
			files = (
			);
			runOnlyForDeploymentPostprocessing = 0;
		};
		9B2E8A152E08A0E40098B104 /* Sources */ = {
			isa = PBXSourcesBuildPhase;
			buildActionMask = 2147483647;
			files = (
			);
			runOnlyForDeploymentPostprocessing = 0;
		};
		9B2E8A1F2E08A0E40098B104 /* Sources */ = {
			isa = PBXSourcesBuildPhase;
			buildActionMask = 2147483647;
			files = (
			);
			runOnlyForDeploymentPostprocessing = 0;
		};
/* End PBXSourcesBuildPhase section */

/* Begin PBXTargetDependency section */
		9B2E8A1B2E08A0E40098B104 /* PBXTargetDependency */ = {
			isa = PBXTargetDependency;
			target = 9B2E8A0B2E08A0E10098B104 /* FocusPal */;
			targetProxy = 9B2E8A1A2E08A0E40098B104 /* PBXContainerItemProxy */;
		};
		9B2E8A252E08A0E40098B104 /* PBXTargetDependency */ = {
			isa = PBXTargetDependency;
			target = 9B2E8A0B2E08A0E10098B104 /* FocusPal */;
			targetProxy = 9B2E8A242E08A0E40098B104 /* PBXContainerItemProxy */;
		};
/* End PBXTargetDependency section */

/* Begin XCBuildConfiguration section */
		9B2E8A2B2E08A0E40098B104 /* Debug */ = {
			isa = XCBuildConfiguration;
			buildSettings = {
				ALWAYS_SEARCH_USER_PATHS = NO;
				ASSETCATALOG_COMPILER_GENERATE_SWIFT_ASSET_SYMBOL_EXTENSIONS = YES;
				CLANG_ANALYZER_NONNULL = YES;
				CLANG_ANALYZER_NUMBER_OBJECT_CONVERSION = YES_AGGRESSIVE;
				CLANG_CXX_LANGUAGE_STANDARD = "gnu++20";
				CLANG_ENABLE_MODULES = YES;
				CLANG_ENABLE_OBJC_ARC = YES;
				CLANG_ENABLE_OBJC_WEAK = YES;
				CLANG_WARN_BLOCK_CAPTURE_AUTORELEASING = YES;
				CLANG_WARN_BOOL_CONVERSION = YES;
				CLANG_WARN_COMMA = YES;
				CLANG_WARN_CONSTANT_CONVERSION = YES;
				CLANG_WARN_DEPRECATED_OBJC_IMPLEMENTATIONS = YES;
				CLANG_WARN_DIRECT_OBJC_ISA_USAGE = YES_ERROR;
				CLANG_WARN_DOCUMENTATION_COMMENTS = YES;
				CLANG_WARN_EMPTY_BODY = YES;
				CLANG_WARN_ENUM_CONVERSION = YES;
				CLANG_WARN_INFINITE_RECURSION = YES;
				CLANG_WARN_INT_CONVERSION = YES;
				CLANG_WARN_NON_LITERAL_NULL_CONVERSION = YES;
				CLANG_WARN_OBJC_IMPLICIT_RETAIN_SELF = YES;
				CLANG_WARN_OBJC_LITERAL_CONVERSION = YES;
				CLANG_WARN_OBJC_ROOT_CLASS = YES_ERROR;
				CLANG_WARN_QUOTED_INCLUDE_IN_FRAMEWORK_HEADER = YES;
				CLANG_WARN_RANGE_LOOP_ANALYSIS = YES;
				CLANG_WARN_STRICT_PROTOTYPES = YES;
				CLANG_WARN_SUSPICIOUS_MOVE = YES;
				CLANG_WARN_UNGUARDED_AVAILABILITY = YES_AGGRESSIVE;
				CLANG_WARN_UNREACHABLE_CODE = YES;
				CLANG_WARN__DUPLICATE_METHOD_MATCH = YES;
				COPY_PHASE_STRIP = NO;
				DEBUG_INFORMATION_FORMAT = dwarf;
				DEVELOPMENT_TEAM = C2A4C8757C;
				ENABLE_STRICT_OBJC_MSGSEND = YES;
				ENABLE_TESTABILITY = YES;
				ENABLE_USER_SCRIPT_SANDBOXING = YES;
				GCC_C_LANGUAGE_STANDARD = gnu17;
				GCC_DYNAMIC_NO_PIC = NO;
				GCC_NO_COMMON_BLOCKS = YES;
				GCC_OPTIMIZATION_LEVEL = 0;
				GCC_PREPROCESSOR_DEFINITIONS = (
					"DEBUG=1",
					"$(inherited)",
				);
				GCC_WARN_64_TO_32_BIT_CONVERSION = YES;
				GCC_WARN_ABOUT_RETURN_TYPE = YES_ERROR;
				GCC_WARN_UNDECLARED_SELECTOR = YES;
				GCC_WARN_UNINITIALIZED_AUTOS = YES_AGGRESSIVE;
				GCC_WARN_UNUSED_FUNCTION = YES;
				GCC_WARN_UNUSED_VARIABLE = YES;
				IPHONEOS_DEPLOYMENT_TARGET = 18.5;
				LOCALIZATION_PREFERS_STRING_CATALOGS = YES;
				MTL_ENABLE_DEBUG_INFO = INCLUDE_SOURCE;
				MTL_FAST_MATH = YES;
				ONLY_ACTIVE_ARCH = YES;
				SDKROOT = iphoneos;
				SWIFT_ACTIVE_COMPILATION_CONDITIONS = "DEBUG $(inherited)";
				SWIFT_OPTIMIZATION_LEVEL = "-Onone";
			};
			name = Debug;
		};
		9B2E8A2C2E08A0E40098B104 /* Release */ = {
			isa = XCBuildConfiguration;
			buildSettings = {
				ALWAYS_SEARCH_USER_PATHS = NO;
				ASSETCATALOG_COMPILER_GENERATE_SWIFT_ASSET_SYMBOL_EXTENSIONS = YES;
				CLANG_ANALYZER_NONNULL = YES;
				CLANG_ANALYZER_NUMBER_OBJECT_CONVERSION = YES_AGGRESSIVE;
				CLANG_CXX_LANGUAGE_STANDARD = "gnu++20";
				CLANG_ENABLE_MODULES = YES;
				CLANG_ENABLE_OBJC_ARC = YES;
				CLANG_ENABLE_OBJC_WEAK = YES;
				CLANG_WARN_BLOCK_CAPTURE_AUTORELEASING = YES;
				CLANG_WARN_BOOL_CONVERSION = YES;
				CLANG_WARN_COMMA = YES;
				CLANG_WARN_CONSTANT_CONVERSION = YES;
				CLANG_WARN_DEPRECATED_OBJC_IMPLEMENTATIONS = YES;
				CLANG_WARN_DIRECT_OBJC_ISA_USAGE = YES_ERROR;
				CLANG_WARN_DOCUMENTATION_COMMENTS = YES;
				CLANG_WARN_EMPTY_BODY = YES;
				CLANG_WARN_ENUM_CONVERSION = YES;
				CLANG_WARN_INFINITE_RECURSION = YES;
				CLANG_WARN_INT_CONVERSION = YES;
				CLANG_WARN_NON_LITERAL_NULL_CONVERSION = YES;
				CLANG_WARN_OBJC_IMPLICIT_RETAIN_SELF = YES;
				CLANG_WARN_OBJC_LITERAL_CONVERSION = YES;
				CLANG_WARN_OBJC_ROOT_CLASS = YES_ERROR;
				CLANG_WARN_QUOTED_INCLUDE_IN_FRAMEWORK_HEADER = YES;
				CLANG_WARN_RANGE_LOOP_ANALYSIS = YES;
				CLANG_WARN_STRICT_PROTOTYPES = YES;
				CLANG_WARN_SUSPICIOUS_MOVE = YES;
				CLANG_WARN_UNGUARDED_AVAILABILITY = YES_AGGRESSIVE;
				CLANG_WARN_UNREACHABLE_CODE = YES;
				CLANG_WARN__DUPLICATE_METHOD_MATCH = YES;
				COPY_PHASE_STRIP = NO;
				DEBUG_INFORMATION_FORMAT = "dwarf-with-dsym";
				DEVELOPMENT_TEAM = C2A4C8757C;
				ENABLE_NS_ASSERTIONS = NO;
				ENABLE_STRICT_OBJC_MSGSEND = YES;
				ENABLE_USER_SCRIPT_SANDBOXING = YES;
				GCC_C_LANGUAGE_STANDARD = gnu17;
				GCC_NO_COMMON_BLOCKS = YES;
				GCC_WARN_64_TO_32_BIT_CONVERSION = YES;
				GCC_WARN_ABOUT_RETURN_TYPE = YES_ERROR;
				GCC_WARN_UNDECLARED_SELECTOR = YES;
				GCC_WARN_UNINITIALIZED_AUTOS = YES_AGGRESSIVE;
				GCC_WARN_UNUSED_FUNCTION = YES;
				GCC_WARN_UNUSED_VARIABLE = YES;
				IPHONEOS_DEPLOYMENT_TARGET = 18.5;
				LOCALIZATION_PREFERS_STRING_CATALOGS = YES;
				MTL_ENABLE_DEBUG_INFO = NO;
				MTL_FAST_MATH = YES;
				SDKROOT = iphoneos;
				SWIFT_COMPILATION_MODE = wholemodule;
				VALIDATE_PRODUCT = YES;
			};
			name = Release;
		};
		9B2E8A2E2E08A0E40098B104 /* Debug */ = {
			isa = XCBuildConfiguration;
			buildSettings = {
				ASSETCATALOG_COMPILER_APPICON_NAME = AppIcon;
				ASSETCATALOG_COMPILER_GLOBAL_ACCENT_COLOR_NAME = AccentColor;
				CODE_SIGN_STYLE = Automatic;
				CURRENT_PROJECT_VERSION = 1;
				DEVELOPMENT_TEAM = C2A4C8757C;
				ENABLE_PREVIEWS = YES;
				GENERATE_INFOPLIST_FILE = YES;
				INFOPLIST_KEY_UIApplicationSceneManifest_Generation = YES;
				INFOPLIST_KEY_UIApplicationSupportsIndirectInputEvents = YES;
				INFOPLIST_KEY_UILaunchScreen_Generation = YES;
				INFOPLIST_KEY_UISupportedInterfaceOrientations_iPad = "UIInterfaceOrientationPortrait UIInterfaceOrientationPortraitUpsideDown UIInterfaceOrientationLandscapeLeft UIInterfaceOrientationLandscapeRight";
				INFOPLIST_KEY_UISupportedInterfaceOrientations_iPhone = "UIInterfaceOrientationPortrait UIInterfaceOrientationLandscapeLeft UIInterfaceOrientationLandscapeRight";
				LD_RUNPATH_SEARCH_PATHS = (
					"$(inherited)",
					"@executable_path/Frameworks",
				);
				MARKETING_VERSION = 1.0;
				PRODUCT_BUNDLE_IDENTIFIER = com.sc.FocusPal.FocusPal;
				PRODUCT_NAME = "$(TARGET_NAME)";
				SWIFT_EMIT_LOC_STRINGS = YES;
				SWIFT_VERSION = 5.0;
				TARGETED_DEVICE_FAMILY = "1,2";
			};
			name = Debug;
		};
		9B2E8A2F2E08A0E40098B104 /* Release */ = {
			isa = XCBuildConfiguration;
			buildSettings = {
				ASSETCATALOG_COMPILER_APPICON_NAME = AppIcon;
				ASSETCATALOG_COMPILER_GLOBAL_ACCENT_COLOR_NAME = AccentColor;
				CODE_SIGN_STYLE = Automatic;
				CURRENT_PROJECT_VERSION = 1;
				DEVELOPMENT_TEAM = C2A4C8757C;
				ENABLE_PREVIEWS = YES;
				GENERATE_INFOPLIST_FILE = YES;
				INFOPLIST_KEY_UIApplicationSceneManifest_Generation = YES;
				INFOPLIST_KEY_UIApplicationSupportsIndirectInputEvents = YES;
				INFOPLIST_KEY_UILaunchScreen_Generation = YES;
				INFOPLIST_KEY_UISupportedInterfaceOrientations_iPad = "UIInterfaceOrientationPortrait UIInterfaceOrientationPortraitUpsideDown UIInterfaceOrientationLandscapeLeft UIInterfaceOrientationLandscapeRight";
				INFOPLIST_KEY_UISupportedInterfaceOrientations_iPhone = "UIInterfaceOrientationPortrait UIInterfaceOrientationLandscapeLeft UIInterfaceOrientationLandscapeRight";
				LD_RUNPATH_SEARCH_PATHS = (
					"$(inherited)",
					"@executable_path/Frameworks",
				);
				MARKETING_VERSION = 1.0;
				PRODUCT_BUNDLE_IDENTIFIER = com.sc.FocusPal.FocusPal;
				PRODUCT_NAME = "$(TARGET_NAME)";
				SWIFT_EMIT_LOC_STRINGS = YES;
				SWIFT_VERSION = 5.0;
				TARGETED_DEVICE_FAMILY = "1,2";
			};
			name = Release;
		};
		9B2E8A312E08A0E40098B104 /* Debug */ = {
			isa = XCBuildConfiguration;
			buildSettings = {
				BUNDLE_LOADER = "$(TEST_HOST)";
				CODE_SIGN_STYLE = Automatic;
				CURRENT_PROJECT_VERSION = 1;
				DEVELOPMENT_TEAM = C2A4C8757C;
				GENERATE_INFOPLIST_FILE = YES;
				IPHONEOS_DEPLOYMENT_TARGET = 18.5;
				MARKETING_VERSION = 1.0;
				PRODUCT_BUNDLE_IDENTIFIER = com.sc.FocusPal.FocusPalTests;
				PRODUCT_NAME = "$(TARGET_NAME)";
				SWIFT_EMIT_LOC_STRINGS = NO;
				SWIFT_VERSION = 5.0;
				TARGETED_DEVICE_FAMILY = "1,2";
				TEST_HOST = "$(BUILT_PRODUCTS_DIR)/FocusPal.app/$(BUNDLE_EXECUTABLE_FOLDER_PATH)/FocusPal";
			};
			name = Debug;
		};
		9B2E8A322E08A0E40098B104 /* Release */ = {
			isa = XCBuildConfiguration;
			buildSettings = {
				BUNDLE_LOADER = "$(TEST_HOST)";
				CODE_SIGN_STYLE = Automatic;
				CURRENT_PROJECT_VERSION = 1;
				DEVELOPMENT_TEAM = C2A4C8757C;
				GENERATE_INFOPLIST_FILE = YES;
				IPHONEOS_DEPLOYMENT_TARGET = 18.5;
				MARKETING_VERSION = 1.0;
				PRODUCT_BUNDLE_IDENTIFIER = com.sc.FocusPal.FocusPalTests;
				PRODUCT_NAME = "$(TARGET_NAME)";
				SWIFT_EMIT_LOC_STRINGS = NO;
				SWIFT_VERSION = 5.0;
				TARGETED_DEVICE_FAMILY = "1,2";
				TEST_HOST = "$(BUILT_PRODUCTS_DIR)/FocusPal.app/$(BUNDLE_EXECUTABLE_FOLDER_PATH)/FocusPal";
			};
			name = Release;
		};
		9B2E8A342E08A0E40098B104 /* Debug */ = {
			isa = XCBuildConfiguration;
			buildSettings = {
				CODE_SIGN_STYLE = Automatic;
				CURRENT_PROJECT_VERSION = 1;
				DEVELOPMENT_TEAM = C2A4C8757C;
				GENERATE_INFOPLIST_FILE = YES;
				MARKETING_VERSION = 1.0;
				PRODUCT_BUNDLE_IDENTIFIER = com.sc.FocusPal.FocusPalUITests;
				PRODUCT_NAME = "$(TARGET_NAME)";
				SWIFT_EMIT_LOC_STRINGS = NO;
				SWIFT_VERSION = 5.0;
				TARGETED_DEVICE_FAMILY = "1,2";
				TEST_TARGET_NAME = FocusPal;
			};
			name = Debug;
		};
		9B2E8A352E08A0E40098B104 /* Release */ = {
			isa = XCBuildConfiguration;
			buildSettings = {
				CODE_SIGN_STYLE = Automatic;
				CURRENT_PROJECT_VERSION = 1;
				DEVELOPMENT_TEAM = C2A4C8757C;
				GENERATE_INFOPLIST_FILE = YES;
				MARKETING_VERSION = 1.0;
				PRODUCT_BUNDLE_IDENTIFIER = com.sc.FocusPal.FocusPalUITests;
				PRODUCT_NAME = "$(TARGET_NAME)";
				SWIFT_EMIT_LOC_STRINGS = NO;
				SWIFT_VERSION = 5.0;
				TARGETED_DEVICE_FAMILY = "1,2";
				TEST_TARGET_NAME = FocusPal;
			};
			name = Release;
		};
/* End XCBuildConfiguration section */

/* Begin XCConfigurationList section */
		9B2E8A072E08A0E00098B104 /* Build configuration list for PBXProject "FocusPal" */ = {
			isa = XCConfigurationList;
			buildConfigurations = (
				9B2E8A2B2E08A0E40098B104 /* Debug */,
				9B2E8A2C2E08A0E40098B104 /* Release */,
			);
			defaultConfigurationIsVisible = 0;
			defaultConfigurationName = Release;
		};
		9B2E8A2D2E08A0E40098B104 /* Build configuration list for PBXNativeTarget "FocusPal" */ = {
			isa = XCConfigurationList;
			buildConfigurations = (
				9B2E8A2E2E08A0E40098B104 /* Debug */,
				9B2E8A2F2E08A0E40098B104 /* Release */,
			);
			defaultConfigurationIsVisible = 0;
			defaultConfigurationName = Release;
		};
		9B2E8A302E08A0E40098B104 /* Build configuration list for PBXNativeTarget "FocusPalTests" */ = {
			isa = XCConfigurationList;
			buildConfigurations = (
				9B2E8A312E08A0E40098B104 /* Debug */,
				9B2E8A322E08A0E40098B104 /* Release */,
			);
			defaultConfigurationIsVisible = 0;
			defaultConfigurationName = Release;
		};
		9B2E8A332E08A0E40098B104 /* Build configuration list for PBXNativeTarget "FocusPalUITests" */ = {
			isa = XCConfigurationList;
			buildConfigurations = (
				9B2E8A342E08A0E40098B104 /* Debug */,
				9B2E8A352E08A0E40098B104 /* Release */,
			);
			defaultConfigurationIsVisible = 0;
			defaultConfigurationName = Release;
		};
/* End XCConfigurationList section */
	};
	rootObject = 9B2E8A042E08A0E00098B104 /* Project object */;
}
